
Microsoft Visual Studio Solution File, Format Version 10.00
# Visual Web Developer Express 2008
Project("{FAE04EC0-301F-11D3-BF4B-00C04F79EFBC}") = "tr_checkout", "tr_checkout.csproj", "{9E199958-B54A-4353-91CB-5F690D0D2AEF}"
EndProject
Global
	GlobalSection(SolutionConfigurationPlatforms) = preSolution
		Debug|Any CPU = Debug|Any CPU
		Release|Any CPU = Release|Any CPU
	EndGlobalSection
	GlobalSection(ProjectConfigurationPlatforms) = postSolution
		{9E199958-B54A-4353-91CB-5F690D0D2AEF}.Debug|Any CPU.ActiveCfg = Debug|Any CPU
		{9E199958-B54A-4353-91CB-5F690D0D2AEF}.Debug|Any CPU.Build.0 = Debug|Any CPU
		{9E199958-B54A-4353-91CB-5F690D0D2AEF}.Release|Any CPU.ActiveCfg = Release|Any CPU
		{9E199958-B54A-4353-91CB-5F690D0D2AEF}.Release|Any CPU.Build.0 = Release|Any CPU
	EndGlobalSection
	GlobalSection(SolutionProperties) = preSolution
		HideSolutionNode = FALSE
	EndGlobalSection
EndGlobal
